
Microsoft Visual Studio Solution File, Format Version 12.00
# Visual Studio Version 17
VisualStudioVersion = 17.0.32126.317
MinimumVisualStudioVersion = 10.0.40219.1
Project("{9A19103F-16F7-4668-BE54-9A1E7A4F7556}") = "GmodAddonCompressor", "GmodAddonCompressor\GmodAddonCompressor.csproj", "{7693F3DA-A7C6-44A0-9842-62BD12947836}"
EndProject
Global
	GlobalSection(SolutionConfigurationPlatforms) = preSolution
		Debug|Any CPU = Debug|Any CPU
		Release|Any CPU = Release|Any CPU
	EndGlobalSection
	GlobalSection(ProjectConfigurationPlatforms) = postSolution
		{7693F3DA-A7C6-44A0-9842-62BD12947836}.Debug|Any CPU.ActiveCfg = Debug|Any CPU
		{7693F3DA-A7C6-44A0-9842-62BD12947836}.Debug|Any CPU.Build.0 = Debug|Any CPU
		{7693F3DA-A7C6-44A0-9842-62BD12947836}.Release|Any CPU.ActiveCfg = Release|Any CPU
		{7693F3DA-A7C6-44A0-9842-62BD12947836}.Release|Any CPU.Build.0 = Release|Any CPU
	EndGlobalSection
	GlobalSection(SolutionProperties) = preSolution
		HideSolutionNode = FALSE
	EndGlobalSection
	GlobalSection(ExtensibilityGlobals) = postSolution
		SolutionGuid = {D94B6BC1-CB49-4A30-947B-C8DD189BBA20}
	EndGlobalSection
EndGlobal
